
Microsoft Visual Studio Solution File, Format Version 12.00
# Visual Studio Version 17
VisualStudioVersion = 17.8.34525.116
MinimumVisualStudioVersion = 10.0.40219.1
Project("{9A19103F-16F7-4668-BE54-9A1E7A4F7556}") = "AdventOfCode2024", "AdventOfCode2024\AdventOfCode2024.csproj", "{9429B531-9DFE-432D-9CBB-3B544A931DE8}"
EndProject
Project("{FAE04EC0-301F-11D3-BF4B-00C04F79EFBC}") = "MyAdvent2024Tests", "MyAdventTests\MyAdvent2024Tests.csproj", "{663A9D15-54DB-4969-8484-DDC0E922C9E7}"
EndProject
Project("{FAE04EC0-301F-11D3-BF4B-00C04F79EFBC}") = "AdventOfCode2020", "AdventOfCode2020\AdventOfCode2020.csproj", "{894F4835-9B8F-4AC5-AEB6-F0AD6F8AB68C}"
EndProject
Global
	GlobalSection(SolutionConfigurationPlatforms) = preSolution
		Debug|Any CPU = Debug|Any CPU
		Release|Any CPU = Release|Any CPU
	EndGlobalSection
	GlobalSection(ProjectConfigurationPlatforms) = postSolution
		{9429B531-9DFE-432D-9CBB-3B544A931DE8}.Debug|Any CPU.ActiveCfg = Debug|Any CPU
		{9429B531-9DFE-432D-9CBB-3B544A931DE8}.Debug|Any CPU.Build.0 = Debug|Any CPU
		{9429B531-9DFE-432D-9CBB-3B544A931DE8}.Release|Any CPU.ActiveCfg = Release|Any CPU
		{9429B531-9DFE-432D-9CBB-3B544A931DE8}.Release|Any CPU.Build.0 = Release|Any CPU
		{663A9D15-54DB-4969-8484-DDC0E922C9E7}.Debug|Any CPU.ActiveCfg = Debug|Any CPU
		{663A9D15-54DB-4969-8484-DDC0E922C9E7}.Debug|Any CPU.Build.0 = Debug|Any CPU
		{663A9D15-54DB-4969-8484-DDC0E922C9E7}.Release|Any CPU.ActiveCfg = Release|Any CPU
		{663A9D15-54DB-4969-8484-DDC0E922C9E7}.Release|Any CPU.Build.0 = Release|Any CPU
		{894F4835-9B8F-4AC5-AEB6-F0AD6F8AB68C}.Debug|Any CPU.ActiveCfg = Debug|Any CPU
		{894F4835-9B8F-4AC5-AEB6-F0AD6F8AB68C}.Debug|Any CPU.Build.0 = Debug|Any CPU
		{894F4835-9B8F-4AC5-AEB6-F0AD6F8AB68C}.Release|Any CPU.ActiveCfg = Release|Any CPU
		{894F4835-9B8F-4AC5-AEB6-F0AD6F8AB68C}.Release|Any CPU.Build.0 = Release|Any CPU
	EndGlobalSection
	GlobalSection(SolutionProperties) = preSolution
		HideSolutionNode = FALSE
	EndGlobalSection
	GlobalSection(ExtensibilityGlobals) = postSolution
		SolutionGuid = {C992759F-E452-4335-B398-19ADCE9942F2}
	EndGlobalSection
EndGlobal
